
Microsoft Visual Studio Solution File, Format Version 12.00
# Visual Studio 15
VisualStudioVersion = 15.0.26124.0
MinimumVisualStudioVersion = 15.0.26124.0
Project("{FAE04EC0-301F-11D3-BF4B-00C04F79EFBC}") = "Psythyst.Core.Cli", "Psythyst.Core.Cli\Psythyst.Core.Cli.csproj", "{62A3C3FD-5A25-4909-AE23-D8149FD67EEF}"
EndProject
Project("{2150E333-8FDC-42A3-9474-1A3956D46DE8}") = "Psythyst.Core", "Psythyst.Core", "{DEECF9CD-91B3-43D6-B34C-551BE5C349FF}"
EndProject
Project("{2150E333-8FDC-42A3-9474-1A3956D46DE8}") = "Psythyst", "Psythyst", "{8DB78B89-FD6D-4D25-BE48-CF38B9138A07}"
EndProject
Project("{FAE04EC0-301F-11D3-BF4B-00C04F79EFBC}") = "Psythyst", "Psythyst.Core\Psythyst\Psythyst\Psythyst.csproj", "{E87C1800-2CD4-48E0-A49F-D7B9CCC47790}"
EndProject
Project("{2150E333-8FDC-42A3-9474-1A3956D46DE8}") = "Psythyst.Core.Data", "Psythyst.Core.Data", "{42E7E25A-9DD1-4732-B720-9B09046056A4}"
EndProject
Project("{FAE04EC0-301F-11D3-BF4B-00C04F79EFBC}") = "Psythyst.Core.Data", "Psythyst.Core.Data\Psythyst.Core.Data\Psythyst.Core.Data.csproj", "{3613ED74-D018-4886-A1EA-891C803838F7}"
EndProject
Project("{FAE04EC0-301F-11D3-BF4B-00C04F79EFBC}") = "Psythyst.Core", "Psythyst.Core\Psythyst.Core\Psythyst.Core.csproj", "{B518F3F2-1863-4BD3-9523-9E6FB5D2824E}"
EndProject
Global
	GlobalSection(SolutionConfigurationPlatforms) = preSolution
		Debug|Any CPU = Debug|Any CPU
		Debug|x64 = Debug|x64
		Debug|x86 = Debug|x86
		Release|Any CPU = Release|Any CPU
		Release|x64 = Release|x64
		Release|x86 = Release|x86
	EndGlobalSection
	GlobalSection(SolutionProperties) = preSolution
		HideSolutionNode = FALSE
	EndGlobalSection
	GlobalSection(ProjectConfigurationPlatforms) = postSolution
		{62A3C3FD-5A25-4909-AE23-D8149FD67EEF}.Debug|Any CPU.ActiveCfg = Debug|Any CPU
		{62A3C3FD-5A25-4909-AE23-D8149FD67EEF}.Debug|Any CPU.Build.0 = Debug|Any CPU
		{62A3C3FD-5A25-4909-AE23-D8149FD67EEF}.Debug|x64.ActiveCfg = Debug|x64
		{62A3C3FD-5A25-4909-AE23-D8149FD67EEF}.Debug|x64.Build.0 = Debug|x64
		{62A3C3FD-5A25-4909-AE23-D8149FD67EEF}.Debug|x86.ActiveCfg = Debug|x86
		{62A3C3FD-5A25-4909-AE23-D8149FD67EEF}.Debug|x86.Build.0 = Debug|x86
		{62A3C3FD-5A25-4909-AE23-D8149FD67EEF}.Release|Any CPU.ActiveCfg = Release|Any CPU
		{62A3C3FD-5A25-4909-AE23-D8149FD67EEF}.Release|Any CPU.Build.0 = Release|Any CPU
		{62A3C3FD-5A25-4909-AE23-D8149FD67EEF}.Release|x64.ActiveCfg = Release|x64
		{62A3C3FD-5A25-4909-AE23-D8149FD67EEF}.Release|x64.Build.0 = Release|x64
		{62A3C3FD-5A25-4909-AE23-D8149FD67EEF}.Release|x86.ActiveCfg = Release|x86
		{62A3C3FD-5A25-4909-AE23-D8149FD67EEF}.Release|x86.Build.0 = Release|x86
		{E87C1800-2CD4-48E0-A49F-D7B9CCC47790}.Debug|Any CPU.ActiveCfg = Debug|Any CPU
		{E87C1800-2CD4-48E0-A49F-D7B9CCC47790}.Debug|Any CPU.Build.0 = Debug|Any CPU
		{E87C1800-2CD4-48E0-A49F-D7B9CCC47790}.Debug|x64.ActiveCfg = Debug|x64
		{E87C1800-2CD4-48E0-A49F-D7B9CCC47790}.Debug|x64.Build.0 = Debug|x64
		{E87C1800-2CD4-48E0-A49F-D7B9CCC47790}.Debug|x86.ActiveCfg = Debug|x86
		{E87C1800-2CD4-48E0-A49F-D7B9CCC47790}.Debug|x86.Build.0 = Debug|x86
		{E87C1800-2CD4-48E0-A49F-D7B9CCC47790}.Release|Any CPU.ActiveCfg = Release|Any CPU
		{E87C1800-2CD4-48E0-A49F-D7B9CCC47790}.Release|Any CPU.Build.0 = Release|Any CPU
		{E87C1800-2CD4-48E0-A49F-D7B9CCC47790}.Release|x64.ActiveCfg = Release|x64
		{E87C1800-2CD4-48E0-A49F-D7B9CCC47790}.Release|x64.Build.0 = Release|x64
		{E87C1800-2CD4-48E0-A49F-D7B9CCC47790}.Release|x86.ActiveCfg = Release|x86
		{E87C1800-2CD4-48E0-A49F-D7B9CCC47790}.Release|x86.Build.0 = Release|x86
		{3613ED74-D018-4886-A1EA-891C803838F7}.Debug|Any CPU.ActiveCfg = Debug|Any CPU
		{3613ED74-D018-4886-A1EA-891C803838F7}.Debug|Any CPU.Build.0 = Debug|Any CPU
		{3613ED74-D018-4886-A1EA-891C803838F7}.Debug|x64.ActiveCfg = Debug|x64
		{3613ED74-D018-4886-A1EA-891C803838F7}.Debug|x64.Build.0 = Debug|x64
		{3613ED74-D018-4886-A1EA-891C803838F7}.Debug|x86.ActiveCfg = Debug|x86
		{3613ED74-D018-4886-A1EA-891C803838F7}.Debug|x86.Build.0 = Debug|x86
		{3613ED74-D018-4886-A1EA-891C803838F7}.Release|Any CPU.ActiveCfg = Release|Any CPU
		{3613ED74-D018-4886-A1EA-891C803838F7}.Release|Any CPU.Build.0 = Release|Any CPU
		{3613ED74-D018-4886-A1EA-891C803838F7}.Release|x64.ActiveCfg = Release|x64
		{3613ED74-D018-4886-A1EA-891C803838F7}.Release|x64.Build.0 = Release|x64
		{3613ED74-D018-4886-A1EA-891C803838F7}.Release|x86.ActiveCfg = Release|x86
		{3613ED74-D018-4886-A1EA-891C803838F7}.Release|x86.Build.0 = Release|x86
		{B518F3F2-1863-4BD3-9523-9E6FB5D2824E}.Debug|Any CPU.ActiveCfg = Debug|Any CPU
		{B518F3F2-1863-4BD3-9523-9E6FB5D2824E}.Debug|Any CPU.Build.0 = Debug|Any CPU
		{B518F3F2-1863-4BD3-9523-9E6FB5D2824E}.Debug|x64.ActiveCfg = Debug|x64
		{B518F3F2-1863-4BD3-9523-9E6FB5D2824E}.Debug|x64.Build.0 = Debug|x64
		{B518F3F2-1863-4BD3-9523-9E6FB5D2824E}.Debug|x86.ActiveCfg = Debug|x86
		{B518F3F2-1863-4BD3-9523-9E6FB5D2824E}.Debug|x86.Build.0 = Debug|x86
		{B518F3F2-1863-4BD3-9523-9E6FB5D2824E}.Release|Any CPU.ActiveCfg = Release|Any CPU
		{B518F3F2-1863-4BD3-9523-9E6FB5D2824E}.Release|Any CPU.Build.0 = Release|Any CPU
		{B518F3F2-1863-4BD3-9523-9E6FB5D2824E}.Release|x64.ActiveCfg = Release|x64
		{B518F3F2-1863-4BD3-9523-9E6FB5D2824E}.Release|x64.Build.0 = Release|x64
		{B518F3F2-1863-4BD3-9523-9E6FB5D2824E}.Release|x86.ActiveCfg = Release|x86
		{B518F3F2-1863-4BD3-9523-9E6FB5D2824E}.Release|x86.Build.0 = Release|x86
	EndGlobalSection
	GlobalSection(NestedProjects) = preSolution
		{8DB78B89-FD6D-4D25-BE48-CF38B9138A07} = {DEECF9CD-91B3-43D6-B34C-551BE5C349FF}
		{E87C1800-2CD4-48E0-A49F-D7B9CCC47790} = {8DB78B89-FD6D-4D25-BE48-CF38B9138A07}
		{3613ED74-D018-4886-A1EA-891C803838F7} = {42E7E25A-9DD1-4732-B720-9B09046056A4}
		{B518F3F2-1863-4BD3-9523-9E6FB5D2824E} = {DEECF9CD-91B3-43D6-B34C-551BE5C349FF}
	EndGlobalSection
EndGlobal
